
Microsoft Visual Studio Solution File, Format Version 12.00
# Visual Studio Version 17
VisualStudioVersion = 17.8.34408.163
MinimumVisualStudioVersion = 10.0.40219.1
Project("{9A19103F-16F7-4668-BE54-9A1E7A4F7556}") = "Tracer", "Tracer.csproj", "{CED05D41-1C24-4242-8EDE-254AE2A5DA1A}"
EndProject
Project("{FAE04EC0-301F-11D3-BF4B-00C04F79EFBC}") = "Demonstration", "..\Demonstration\Demonstration\Demonstration.csproj", "{F098CD60-FC78-4394-ABF9-F6C969CBEEFC}"
EndProject
Global
	GlobalSection(SolutionConfigurationPlatforms) = preSolution
		Debug|Any CPU = Debug|Any CPU
		Release|Any CPU = Release|Any CPU
	EndGlobalSection
	GlobalSection(ProjectConfigurationPlatforms) = postSolution
		{CED05D41-1C24-4242-8EDE-254AE2A5DA1A}.Debug|Any CPU.ActiveCfg = Debug|Any CPU
		{CED05D41-1C24-4242-8EDE-254AE2A5DA1A}.Debug|Any CPU.Build.0 = Debug|Any CPU
		{CED05D41-1C24-4242-8EDE-254AE2A5DA1A}.Release|Any CPU.ActiveCfg = Release|Any CPU
		{CED05D41-1C24-4242-8EDE-254AE2A5DA1A}.Release|Any CPU.Build.0 = Release|Any CPU
		{F098CD60-FC78-4394-ABF9-F6C969CBEEFC}.Debug|Any CPU.ActiveCfg = Debug|Any CPU
		{F098CD60-FC78-4394-ABF9-F6C969CBEEFC}.Debug|Any CPU.Build.0 = Debug|Any CPU
		{F098CD60-FC78-4394-ABF9-F6C969CBEEFC}.Release|Any CPU.ActiveCfg = Release|Any CPU
		{F098CD60-FC78-4394-ABF9-F6C969CBEEFC}.Release|Any CPU.Build.0 = Release|Any CPU
	EndGlobalSection
	GlobalSection(SolutionProperties) = preSolution
		HideSolutionNode = FALSE
	EndGlobalSection
	GlobalSection(ExtensibilityGlobals) = postSolution
		SolutionGuid = {1948716E-19DD-4B85-B7AB-0E25E2AAC544}
	EndGlobalSection
EndGlobal
